
Microsoft Visual Studio Solution File, Format Version 12.00
# Visual Studio Version 17
VisualStudioVersion = 17.7.34009.444
MinimumVisualStudioVersion = 10.0.40219.1
Project("{FAE04EC0-301F-11D3-BF4B-00C04F79EFBC}") = "Mi Formulario", "Mi Formulario\Mi Formulario.csproj", "{EBBDC078-5CDE-4EFE-A005-FCCC602B74F6}"
EndProject
Global
	GlobalSection(SolutionConfigurationPlatforms) = preSolution
		Debug|Any CPU = Debug|Any CPU
		Release|Any CPU = Release|Any CPU
	EndGlobalSection
	GlobalSection(ProjectConfigurationPlatforms) = postSolution
		{EBBDC078-5CDE-4EFE-A005-FCCC602B74F6}.Debug|Any CPU.ActiveCfg = Debug|Any CPU
		{EBBDC078-5CDE-4EFE-A005-FCCC602B74F6}.Debug|Any CPU.Build.0 = Debug|Any CPU
		{EBBDC078-5CDE-4EFE-A005-FCCC602B74F6}.Release|Any CPU.ActiveCfg = Release|Any CPU
		{EBBDC078-5CDE-4EFE-A005-FCCC602B74F6}.Release|Any CPU.Build.0 = Release|Any CPU
	EndGlobalSection
	GlobalSection(SolutionProperties) = preSolution
		HideSolutionNode = FALSE
	EndGlobalSection
	GlobalSection(ExtensibilityGlobals) = postSolution
		SolutionGuid = {39B2AD93-2C78-41E1-A277-3F4B4F4DC0EC}
	EndGlobalSection
EndGlobal
